
Microsoft Visual Studio Solution File, Format Version 12.00
# Visual Studio Version 16
VisualStudioVersion = 16.0.29728.190
MinimumVisualStudioVersion = 10.0.40219.1
Project("{FAE04EC0-301F-11D3-BF4B-00C04F79EFBC}") = "Server2", "Server2.csproj", "{33A3AF0C-9860-49AB-A37D-464DF84E93B4}"
EndProject
Project("{FAE04EC0-301F-11D3-BF4B-00C04F79EFBC}") = "Client2", "..\Client2\Client2.csproj", "{2B31EE49-F20F-4097-A6F0-5A889B17402A}"
EndProject
Global
	GlobalSection(SolutionConfigurationPlatforms) = preSolution
		Debug|Any CPU = Debug|Any CPU
		Release|Any CPU = Release|Any CPU
	EndGlobalSection
	GlobalSection(ProjectConfigurationPlatforms) = postSolution
		{33A3AF0C-9860-49AB-A37D-464DF84E93B4}.Debug|Any CPU.ActiveCfg = Debug|Any CPU
		{33A3AF0C-9860-49AB-A37D-464DF84E93B4}.Debug|Any CPU.Build.0 = Debug|Any CPU
		{33A3AF0C-9860-49AB-A37D-464DF84E93B4}.Release|Any CPU.ActiveCfg = Release|Any CPU
		{33A3AF0C-9860-49AB-A37D-464DF84E93B4}.Release|Any CPU.Build.0 = Release|Any CPU
		{2B31EE49-F20F-4097-A6F0-5A889B17402A}.Debug|Any CPU.ActiveCfg = Debug|Any CPU
		{2B31EE49-F20F-4097-A6F0-5A889B17402A}.Debug|Any CPU.Build.0 = Debug|Any CPU
		{2B31EE49-F20F-4097-A6F0-5A889B17402A}.Release|Any CPU.ActiveCfg = Release|Any CPU
		{2B31EE49-F20F-4097-A6F0-5A889B17402A}.Release|Any CPU.Build.0 = Release|Any CPU
	EndGlobalSection
	GlobalSection(SolutionProperties) = preSolution
		HideSolutionNode = FALSE
	EndGlobalSection
	GlobalSection(ExtensibilityGlobals) = postSolution
		SolutionGuid = {FC4AD4F6-BE84-43C7-AC4B-7478D1D1C35C}
	EndGlobalSection
EndGlobal
